
Microsoft Visual Studio Solution File, Format Version 12.00
# Visual Studio Version 17
VisualStudioVersion = 17.13.35828.75 d17.13
MinimumVisualStudioVersion = 10.0.40219.1
Project("{FAE04EC0-301F-11D3-BF4B-00C04F79EFBC}") = "WpfApp1sem", "WpfApp1sem.csproj", "{3D1BAA0B-A59A-42CC-A5F1-FAC9FCEB1DEC}"
EndProject
Global
	GlobalSection(SolutionConfigurationPlatforms) = preSolution
		Debug|Any CPU = Debug|Any CPU
		Release|Any CPU = Release|Any CPU
	EndGlobalSection
	GlobalSection(ProjectConfigurationPlatforms) = postSolution
		{3D1BAA0B-A59A-42CC-A5F1-FAC9FCEB1DEC}.Debug|Any CPU.ActiveCfg = Debug|Any CPU
		{3D1BAA0B-A59A-42CC-A5F1-FAC9FCEB1DEC}.Debug|Any CPU.Build.0 = Debug|Any CPU
		{3D1BAA0B-A59A-42CC-A5F1-FAC9FCEB1DEC}.Release|Any CPU.ActiveCfg = Release|Any CPU
		{3D1BAA0B-A59A-42CC-A5F1-FAC9FCEB1DEC}.Release|Any CPU.Build.0 = Release|Any CPU
	EndGlobalSection
	GlobalSection(SolutionProperties) = preSolution
		HideSolutionNode = FALSE
	EndGlobalSection
	GlobalSection(ExtensibilityGlobals) = postSolution
		SolutionGuid = {1EF6F3D3-F512-4B84-B820-5752DA7E12B9}
	EndGlobalSection
EndGlobal
